
Microsoft Visual Studio Solution File, Format Version 12.00
# Visual Studio Version 16
VisualStudioVersion = 16.0.30907.101
MinimumVisualStudioVersion = 10.0.40219.1
Project("{FAE04EC0-301F-11D3-BF4B-00C04F79EFBC}") = "Bank Management", "Bank Management\Bank Management.csproj", "{C3F905A1-3830-4CF2-BD77-F764159340BD}"
EndProject
Global
	GlobalSection(SolutionConfigurationPlatforms) = preSolution
		Debug|Any CPU = Debug|Any CPU
		Release|Any CPU = Release|Any CPU
	EndGlobalSection
	GlobalSection(ProjectConfigurationPlatforms) = postSolution
		{C3F905A1-3830-4CF2-BD77-F764159340BD}.Debug|Any CPU.ActiveCfg = Debug|Any CPU
		{C3F905A1-3830-4CF2-BD77-F764159340BD}.Debug|Any CPU.Build.0 = Debug|Any CPU
		{C3F905A1-3830-4CF2-BD77-F764159340BD}.Release|Any CPU.ActiveCfg = Release|Any CPU
		{C3F905A1-3830-4CF2-BD77-F764159340BD}.Release|Any CPU.Build.0 = Release|Any CPU
	EndGlobalSection
	GlobalSection(SolutionProperties) = preSolution
		HideSolutionNode = FALSE
	EndGlobalSection
	GlobalSection(ExtensibilityGlobals) = postSolution
		SolutionGuid = {9BBDB913-A228-4794-9AA7-555AFA9ECE98}
	EndGlobalSection
EndGlobal
